
Microsoft Visual Studio Solution File, Format Version 12.00
# Visual Studio Version 17
VisualStudioVersion = 17.3.32922.545
MinimumVisualStudioVersion = 10.0.40219.1
Project("{FAE04EC0-301F-11D3-BF4B-00C04F79EFBC}") = "MaxLength_Colatz_Sequence", "MaxLength_Colatz_Sequence\MaxLength_Colatz_Sequence.csproj", "{24E47D96-41F5-4B5E-A31A-2FBEE975AD78}"
EndProject
Global
	GlobalSection(SolutionConfigurationPlatforms) = preSolution
		Debug|Any CPU = Debug|Any CPU
		Release|Any CPU = Release|Any CPU
	EndGlobalSection
	GlobalSection(ProjectConfigurationPlatforms) = postSolution
		{24E47D96-41F5-4B5E-A31A-2FBEE975AD78}.Debug|Any CPU.ActiveCfg = Debug|Any CPU
		{24E47D96-41F5-4B5E-A31A-2FBEE975AD78}.Debug|Any CPU.Build.0 = Debug|Any CPU
		{24E47D96-41F5-4B5E-A31A-2FBEE975AD78}.Release|Any CPU.ActiveCfg = Release|Any CPU
		{24E47D96-41F5-4B5E-A31A-2FBEE975AD78}.Release|Any CPU.Build.0 = Release|Any CPU
	EndGlobalSection
	GlobalSection(SolutionProperties) = preSolution
		HideSolutionNode = FALSE
	EndGlobalSection
	GlobalSection(ExtensibilityGlobals) = postSolution
		SolutionGuid = {7B6138F3-8DB1-426E-8B50-E24CA814ACD0}
	EndGlobalSection
EndGlobal
